// !$*UTF8*$!
{
	archiveVersion = 1;
	classes = {
	};
	objectVersion = 50;
	objects = {

/* Begin PBXBuildFile section */
		171B4FE323671EF2005AACD4 /* HomeControllerTableViewExtension.swift in Sources */ = {isa = PBXBuildFile; fileRef = 171B4FE223671EF2005AACD4 /* HomeControllerTableViewExtension.swift */; };
		1734B75D2366B9D2005D000E /* AppDelegate.swift in Sources */ = {isa = PBXBuildFile; fileRef = 1734B75C2366B9D2005D000E /* AppDelegate.swift */; };
		1734B75F2366B9D2005D000E /* SceneDelegate.swift in Sources */ = {isa = PBXBuildFile; fileRef = 1734B75E2366B9D2005D000E /* SceneDelegate.swift */; };
		1734B7612366B9D2005D000E /* HomeController.swift in Sources */ = {isa = PBXBuildFile; fileRef = 1734B7602366B9D2005D000E /* HomeController.swift */; };
		1734B7662366B9D4005D000E /* Assets.xcassets in Resources */ = {isa = PBXBuildFile; fileRef = 1734B7652366B9D4005D000E /* Assets.xcassets */; };
		1734B7692366B9D4005D000E /* LaunchScreen.storyboard in Resources */ = {isa = PBXBuildFile; fileRef = 1734B7672366B9D4005D000E /* LaunchScreen.storyboard */; };
		176268082371D7F3004F20A1 /* Home.storyboard in Resources */ = {isa = PBXBuildFile; fileRef = 176268072371D7F3004F20A1 /* Home.storyboard */; };
/* End PBXBuildFile section */

/* Begin PBXFileReference section */
		171B4FE223671EF2005AACD4 /* HomeControllerTableViewExtension.swift */ = {isa = PBXFileReference; lastKnownFileType = sourcecode.swift; path = HomeControllerTableViewExtension.swift; sourceTree = "<group>"; };
		1734B7592366B9D2005D000E /* SecondCodingExercise.app */ = {isa = PBXFileReference; explicitFileType = wrapper.application; includeInIndex = 0; path = SecondCodingExercise.app; sourceTree = BUILT_PRODUCTS_DIR; };
		1734B75C2366B9D2005D000E /* AppDelegate.swift */ = {isa = PBXFileReference; lastKnownFileType = sourcecode.swift; path = AppDelegate.swift; sourceTree = "<group>"; };
		1734B75E2366B9D2005D000E /* SceneDelegate.swift */ = {isa = PBXFileReference; lastKnownFileType = sourcecode.swift; path = SceneDelegate.swift; sourceTree = "<group>"; };
		1734B7602366B9D2005D000E /* HomeController.swift */ = {isa = PBXFileReference; lastKnownFileType = sourcecode.swift; path = HomeController.swift; sourceTree = "<group>"; };
		1734B7652366B9D4005D000E /* Assets.xcassets */ = {isa = PBXFileReference; lastKnownFileType = folder.assetcatalog; path = Assets.xcassets; sourceTree = "<group>"; };
		1734B7682366B9D4005D000E /* Base */ = {isa = PBXFileReference; lastKnownFileType = file.storyboard; name = Base; path = Base.lproj/LaunchScreen.storyboard; sourceTree = "<group>"; };
		1734B76A2366B9D4005D000E /* Info.plist */ = {isa = PBXFileReference; lastKnownFileType = text.plist.xml; path = Info.plist; sourceTree = "<group>"; };
		176268072371D7F3004F20A1 /* Home.storyboard */ = {isa = PBXFileReference; lastKnownFileType = file.storyboard; path = Home.storyboard; sourceTree = "<group>"; };
/* End PBXFileReference section */

/* Begin PBXFrameworksBuildPhase section */
		1734B7562366B9D2005D000E /* Frameworks */ = {
			isa = PBXFrameworksBuildPhase;
			buildActionMask = 2147483647;
			files = (
			);
			runOnlyForDeploymentPostprocessing = 0;
		};
/* End PBXFrameworksBuildPhase section */

/* Begin PBXGroup section */
		1734B7502366B9D2005D000E = {
			isa = PBXGroup;
			children = (
				1734B75B2366B9D2005D000E /* SecondCodingExercise */,
				1734B75A2366B9D2005D000E /* Products */,
			);
			sourceTree = "<group>";
		};
		1734B75A2366B9D2005D000E /* Products */ = {
			isa = PBXGroup;
			children = (
				1734B7592366B9D2005D000E /* SecondCodingExercise.app */,
			);
			name = Products;
			sourceTree = "<group>";
		};
		1734B75B2366B9D2005D000E /* SecondCodingExercise */ = {
			isa = PBXGroup;
			children = (
				1734B7752366BA2C005D000E /* Home */,
				1734B7702366B9F7005D000E /* Global */,
			);
			path = SecondCodingExercise;
			sourceTree = "<group>";
		};
		1734B7702366B9F7005D000E /* Global */ = {
			isa = PBXGroup;
			children = (
				1734B7742366BA1E005D000E /* Model */,
				1734B7732366BA17005D000E /* View */,
				1734B7722366BA0D005D000E /* Controller */,
				1734B7712366BA01005D000E /* Service */,
				1734B76A2366B9D4005D000E /* Info.plist */,
			);
			path = Global;
			sourceTree = "<group>";
		};
		1734B7712366BA01005D000E /* Service */ = {
			isa = PBXGroup;
			children = (
			);
			path = Service;
			sourceTree = "<group>";
		};
		1734B7722366BA0D005D000E /* Controller */ = {
			isa = PBXGroup;
			children = (
				1734B75C2366B9D2005D000E /* AppDelegate.swift */,
			);
			path = Controller;
			sourceTree = "<group>";
		};
		1734B7732366BA17005D000E /* View */ = {
			isa = PBXGroup;
			children = (
				1734B7652366B9D4005D000E /* Assets.xcassets */,
				1734B7672366B9D4005D000E /* LaunchScreen.storyboard */,
				1734B75E2366B9D2005D000E /* SceneDelegate.swift */,
			);
			path = View;
			sourceTree = "<group>";
		};
		1734B7742366BA1E005D000E /* Model */ = {
			isa = PBXGroup;
			children = (
			);
			path = Model;
			sourceTree = "<group>";
		};
		1734B7752366BA2C005D000E /* Home */ = {
			isa = PBXGroup;
			children = (
				1734B7792366BA4B005D000E /* Model */,
				1734B7782366BA42005D000E /* View */,
				1734B7772366BA3A005D000E /* Controller */,
				1734B7762366BA31005D000E /* Service */,
			);
			path = Home;
			sourceTree = "<group>";
		};
		1734B7762366BA31005D000E /* Service */ = {
			isa = PBXGroup;
			children = (
				171B4FE223671EF2005AACD4 /* HomeControllerTableViewExtension.swift */,
			);
			path = Service;
			sourceTree = "<group>";
		};
		1734B7772366BA3A005D000E /* Controller */ = {
			isa = PBXGroup;
			children = (
				1734B7602366B9D2005D000E /* HomeController.swift */,
			);
			path = Controller;
			sourceTree = "<group>";
		};
		1734B7782366BA42005D000E /* View */ = {
			isa = PBXGroup;
			children = (
				176268072371D7F3004F20A1 /* Home.storyboard */,
			);
			path = View;
			sourceTree = "<group>";
		};
		1734B7792366BA4B005D000E /* Model */ = {
			isa = PBXGroup;
			children = (
			);
			path = Model;
			sourceTree = "<group>";
		};
/* End PBXGroup section */

/* Begin PBXNativeTarget section */
		1734B7582366B9D2005D000E /* SecondCodingExercise */ = {
			isa = PBXNativeTarget;
			buildConfigurationList = 1734B76D2366B9D4005D000E /* Build configuration list for PBXNativeTarget "SecondCodingExercise" */;
			buildPhases = (
				1734B7552366B9D2005D000E /* Sources */,
				1734B7562366B9D2005D000E /* Frameworks */,
				1734B7572366B9D2005D000E /* Resources */,
			);
			buildRules = (
			);
			dependencies = (
			);
			name = SecondCodingExercise;
			productName = SecondCodingExercise;
			productReference = 1734B7592366B9D2005D000E /* SecondCodingExercise.app */;
			productType = "com.apple.product-type.application";
		};
/* End PBXNativeTarget section */

/* Begin PBXProject section */
		1734B7512366B9D2005D000E /* Project object */ = {
			isa = PBXProject;
			attributes = {
				LastSwiftUpdateCheck = 1110;
				LastUpgradeCheck = 1110;
				ORGANIZATIONNAME = "Nikolas Aggelidis";
				TargetAttributes = {
					1734B7582366B9D2005D000E = {
						CreatedOnToolsVersion = 11.1;
					};
				};
			};
			buildConfigurationList = 1734B7542366B9D2005D000E /* Build configuration list for PBXProject "SecondCodingExercise" */;
			compatibilityVersion = "Xcode 9.3";
			developmentRegion = en;
			hasScannedForEncodings = 0;
			knownRegions = (
				en,
				Base,
			);
			mainGroup = 1734B7502366B9D2005D000E;
			productRefGroup = 1734B75A2366B9D2005D000E /* Products */;
			projectDirPath = "";
			projectRoot = "";
			targets = (
				1734B7582366B9D2005D000E /* SecondCodingExercise */,
			);
		};
/* End PBXProject section */

/* Begin PBXResourcesBuildPhase section */
		1734B7572366B9D2005D000E /* Resources */ = {
			isa = PBXResourcesBuildPhase;
			buildActionMask = 2147483647;
			files = (
				176268082371D7F3004F20A1 /* Home.storyboard in Resources */,
				1734B7692366B9D4005D000E /* LaunchScreen.storyboard in Resources */,
				1734B7662366B9D4005D000E /* Assets.xcassets in Resources */,
			);
			runOnlyForDeploymentPostprocessing = 0;
		};
/* End PBXResourcesBuildPhase section */

/* Begin PBXSourcesBuildPhase section */
		1734B7552366B9D2005D000E /* Sources */ = {
			isa = PBXSourcesBuildPhase;
			buildActionMask = 2147483647;
			files = (
				1734B7612366B9D2005D000E /* HomeController.swift in Sources */,
				1734B75D2366B9D2005D000E /* AppDelegate.swift in Sources */,
				171B4FE323671EF2005AACD4 /* HomeControllerTableViewExtension.swift in Sources */,
				1734B75F2366B9D2005D000E /* SceneDelegate.swift in Sources */,
			);
			runOnlyForDeploymentPostprocessing = 0;
		};
/* End PBXSourcesBuildPhase section */

/* Begin PBXVariantGroup section */
		1734B7672366B9D4005D000E /* LaunchScreen.storyboard */ = {
			isa = PBXVariantGroup;
			children = (
				1734B7682366B9D4005D000E /* Base */,
			);
			name = LaunchScreen.storyboard;
			sourceTree = "<group>";
		};
/* End PBXVariantGroup section */

/* Begin XCBuildConfiguration section */
		1734B76B2366B9D4005D000E /* Debug */ = {
			isa = XCBuildConfiguration;
			buildSettings = {
				ALWAYS_SEARCH_USER_PATHS = NO;
				CLANG_ANALYZER_NONNULL = YES;
				CLANG_ANALYZER_NUMBER_OBJECT_CONVERSION = YES_AGGRESSIVE;
				CLANG_CXX_LANGUAGE_STANDARD = "gnu++14";
				CLANG_CXX_LIBRARY = "libc++";
				CLANG_ENABLE_MODULES = YES;
				CLANG_ENABLE_OBJC_ARC = YES;
				CLANG_ENABLE_OBJC_WEAK = YES;
				CLANG_WARN_BLOCK_CAPTURE_AUTORELEASING = YES;
				CLANG_WARN_BOOL_CONVERSION = YES;
				CLANG_WARN_COMMA = YES;
				CLANG_WARN_CONSTANT_CONVERSION = YES;
				CLANG_WARN_DEPRECATED_OBJC_IMPLEMENTATIONS = YES;
				CLANG_WARN_DIRECT_OBJC_ISA_USAGE = YES_ERROR;
				CLANG_WARN_DOCUMENTATION_COMMENTS = YES;
				CLANG_WARN_EMPTY_BODY = YES;
				CLANG_WARN_ENUM_CONVERSION = YES;
				CLANG_WARN_INFINITE_RECURSION = YES;
				CLANG_WARN_INT_CONVERSION = YES;
				CLANG_WARN_NON_LITERAL_NULL_CONVERSION = YES;
				CLANG_WARN_OBJC_IMPLICIT_RETAIN_SELF = YES;
				CLANG_WARN_OBJC_LITERAL_CONVERSION = YES;
				CLANG_WARN_OBJC_ROOT_CLASS = YES_ERROR;
				CLANG_WARN_RANGE_LOOP_ANALYSIS = YES;
				CLANG_WARN_STRICT_PROTOTYPES = YES;
				CLANG_WARN_SUSPICIOUS_MOVE = YES;
				CLANG_WARN_UNGUARDED_AVAILABILITY = YES_AGGRESSIVE;
				CLANG_WARN_UNREACHABLE_CODE = YES;
				CLANG_WARN__DUPLICATE_METHOD_MATCH = YES;
				COPY_PHASE_STRIP = NO;
				DEBUG_INFORMATION_FORMAT = dwarf;
				ENABLE_STRICT_OBJC_MSGSEND = YES;
				ENABLE_TESTABILITY = YES;
				GCC_C_LANGUAGE_STANDARD = gnu11;
				GCC_DYNAMIC_NO_PIC = NO;
				GCC_NO_COMMON_BLOCKS = YES;
				GCC_OPTIMIZATION_LEVEL = 0;
				GCC_PREPROCESSOR_DEFINITIONS = (
					"DEBUG=1",
					"$(inherited)",
				);
				GCC_WARN_64_TO_32_BIT_CONVERSION = YES;
				GCC_WARN_ABOUT_RETURN_TYPE = YES_ERROR;
				GCC_WARN_UNDECLARED_SELECTOR = YES;
				GCC_WARN_UNINITIALIZED_AUTOS = YES_AGGRESSIVE;
				GCC_WARN_UNUSED_FUNCTION = YES;
				GCC_WARN_UNUSED_VARIABLE = YES;
				IPHONEOS_DEPLOYMENT_TARGET = 13.1;
				MTL_ENABLE_DEBUG_INFO = INCLUDE_SOURCE;
				MTL_FAST_MATH = YES;
				ONLY_ACTIVE_ARCH = YES;
				SDKROOT = iphoneos;
				SWIFT_ACTIVE_COMPILATION_CONDITIONS = DEBUG;
				SWIFT_OPTIMIZATION_LEVEL = "-Onone";
			};
			name = Debug;
		};
		1734B76C2366B9D4005D000E /* Release */ = {
			isa = XCBuildConfiguration;
			buildSettings = {
				ALWAYS_SEARCH_USER_PATHS = NO;
				CLANG_ANALYZER_NONNULL = YES;
				CLANG_ANALYZER_NUMBER_OBJECT_CONVERSION = YES_AGGRESSIVE;
				CLANG_CXX_LANGUAGE_STANDARD = "gnu++14";
				CLANG_CXX_LIBRARY = "libc++";
				CLANG_ENABLE_MODULES = YES;
				CLANG_ENABLE_OBJC_ARC = YES;
				CLANG_ENABLE_OBJC_WEAK = YES;
				CLANG_WARN_BLOCK_CAPTURE_AUTORELEASING = YES;
				CLANG_WARN_BOOL_CONVERSION = YES;
				CLANG_WARN_COMMA = YES;
				CLANG_WARN_CONSTANT_CONVERSION = YES;
				CLANG_WARN_DEPRECATED_OBJC_IMPLEMENTATIONS = YES;
				CLANG_WARN_DIRECT_OBJC_ISA_USAGE = YES_ERROR;
				CLANG_WARN_DOCUMENTATION_COMMENTS = YES;
				CLANG_WARN_EMPTY_BODY = YES;
				CLANG_WARN_ENUM_CONVERSION = YES;
				CLANG_WARN_INFINITE_RECURSION = YES;
				CLANG_WARN_INT_CONVERSION = YES;
				CLANG_WARN_NON_LITERAL_NULL_CONVERSION = YES;
				CLANG_WARN_OBJC_IMPLICIT_RETAIN_SELF = YES;
				CLANG_WARN_OBJC_LITERAL_CONVERSION = YES;
				CLANG_WARN_OBJC_ROOT_CLASS = YES_ERROR;
				CLANG_WARN_RANGE_LOOP_ANALYSIS = YES;
				CLANG_WARN_STRICT_PROTOTYPES = YES;
				CLANG_WARN_SUSPICIOUS_MOVE = YES;
				CLANG_WARN_UNGUARDED_AVAILABILITY = YES_AGGRESSIVE;
				CLANG_WARN_UNREACHABLE_CODE = YES;
				CLANG_WARN__DUPLICATE_METHOD_MATCH = YES;
				COPY_PHASE_STRIP = NO;
				DEBUG_INFORMATION_FORMAT = "dwarf-with-dsym";
				ENABLE_NS_ASSERTIONS = NO;
				ENABLE_STRICT_OBJC_MSGSEND = YES;
				GCC_C_LANGUAGE_STANDARD = gnu11;
				GCC_NO_COMMON_BLOCKS = YES;
				GCC_WARN_64_TO_32_BIT_CONVERSION = YES;
				GCC_WARN_ABOUT_RETURN_TYPE = YES_ERROR;
				GCC_WARN_UNDECLARED_SELECTOR = YES;
				GCC_WARN_UNINITIALIZED_AUTOS = YES_AGGRESSIVE;
				GCC_WARN_UNUSED_FUNCTION = YES;
				GCC_WARN_UNUSED_VARIABLE = YES;
				IPHONEOS_DEPLOYMENT_TARGET = 13.1;
				MTL_ENABLE_DEBUG_INFO = NO;
				MTL_FAST_MATH = YES;
				SDKROOT = iphoneos;
				SWIFT_COMPILATION_MODE = wholemodule;
				SWIFT_OPTIMIZATION_LEVEL = "-O";
				VALIDATE_PRODUCT = YES;
			};
			name = Release;
		};
		1734B76E2366B9D4005D000E /* Debug */ = {
			isa = XCBuildConfiguration;
			buildSettings = {
				ASSETCATALOG_COMPILER_APPICON_NAME = AppIcon;
				CODE_SIGN_STYLE = Automatic;
				DEVELOPMENT_TEAM = 7X48R5E6LJ;
				INFOPLIST_FILE = "$(SRCROOT)/SecondCodingExercise/Global/Info.plist";
				LD_RUNPATH_SEARCH_PATHS = (
					"$(inherited)",
					"@executable_path/Frameworks",
				);
				PRODUCT_BUNDLE_IDENTIFIER = NAPPS.SecondCodingExercise;
				PRODUCT_NAME = "$(TARGET_NAME)";
				SWIFT_VERSION = 5.0;
				TARGETED_DEVICE_FAMILY = "1,2";
			};
			name = Debug;
		};
		1734B76F2366B9D4005D000E /* Release */ = {
			isa = XCBuildConfiguration;
			buildSettings = {
				ASSETCATALOG_COMPILER_APPICON_NAME = AppIcon;
				CODE_SIGN_STYLE = Automatic;
				DEVELOPMENT_TEAM = 7X48R5E6LJ;
				INFOPLIST_FILE = "$(SRCROOT)/SecondCodingExercise/Global/Info.plist";
				LD_RUNPATH_SEARCH_PATHS = (
					"$(inherited)",
					"@executable_path/Frameworks",
				);
				PRODUCT_BUNDLE_IDENTIFIER = NAPPS.SecondCodingExercise;
				PRODUCT_NAME = "$(TARGET_NAME)";
				SWIFT_VERSION = 5.0;
				TARGETED_DEVICE_FAMILY = "1,2";
			};
			name = Release;
		};
/* End XCBuildConfiguration section */

/* Begin XCConfigurationList section */
		1734B7542366B9D2005D000E /* Build configuration list for PBXProject "SecondCodingExercise" */ = {
			isa = XCConfigurationList;
			buildConfigurations = (
				1734B76B2366B9D4005D000E /* Debug */,
				1734B76C2366B9D4005D000E /* Release */,
			);
			defaultConfigurationIsVisible = 0;
			defaultConfigurationName = Release;
		};
		1734B76D2366B9D4005D000E /* Build configuration list for PBXNativeTarget "SecondCodingExercise" */ = {
			isa = XCConfigurationList;
			buildConfigurations = (
				1734B76E2366B9D4005D000E /* Debug */,
				1734B76F2366B9D4005D000E /* Release */,
			);
			defaultConfigurationIsVisible = 0;
			defaultConfigurationName = Release;
		};
/* End XCConfigurationList section */
	};
	rootObject = 1734B7512366B9D2005D000E /* Project object */;
}
